
Microsoft Visual Studio Solution File, Format Version 12.00
Project("{FAE04EC0-301F-11D3-BF4B-00C04F79EFBC}") = "task_1", "task_1\task_1.csproj", "{8D9B06C3-FFFC-44AB-9FB7-AB455558C26D}"
EndProject
Project("{FAE04EC0-301F-11D3-BF4B-00C04F79EFBC}") = "task_2", "task_2\task_2.csproj", "{FD4C2A9B-EB1A-491A-96FE-B6EA22656B64}"
EndProject
Project("{FAE04EC0-301F-11D3-BF4B-00C04F79EFBC}") = "task_3", "task_3\task_3.csproj", "{FFADCD76-244F-4D58-B842-6BA1BC893241}"
EndProject
Project("{FAE04EC0-301F-11D3-BF4B-00C04F79EFBC}") = "task_4", "task_4\task_4.csproj", "{59EB6E91-848F-4544-93C6-ADF5183034CF}"
EndProject
Project("{FAE04EC0-301F-11D3-BF4B-00C04F79EFBC}") = "task_5", "task_5\task_5.csproj", "{A2EE2234-4A4B-4EBC-8EB9-BF4563679487}"
EndProject
Global
	GlobalSection(SolutionConfigurationPlatforms) = preSolution
		Debug|Any CPU = Debug|Any CPU
		Release|Any CPU = Release|Any CPU
	EndGlobalSection
	GlobalSection(ProjectConfigurationPlatforms) = postSolution
		{8D9B06C3-FFFC-44AB-9FB7-AB455558C26D}.Debug|Any CPU.ActiveCfg = Debug|Any CPU
		{8D9B06C3-FFFC-44AB-9FB7-AB455558C26D}.Debug|Any CPU.Build.0 = Debug|Any CPU
		{8D9B06C3-FFFC-44AB-9FB7-AB455558C26D}.Release|Any CPU.ActiveCfg = Release|Any CPU
		{8D9B06C3-FFFC-44AB-9FB7-AB455558C26D}.Release|Any CPU.Build.0 = Release|Any CPU
		{FD4C2A9B-EB1A-491A-96FE-B6EA22656B64}.Debug|Any CPU.ActiveCfg = Debug|Any CPU
		{FD4C2A9B-EB1A-491A-96FE-B6EA22656B64}.Debug|Any CPU.Build.0 = Debug|Any CPU
		{FD4C2A9B-EB1A-491A-96FE-B6EA22656B64}.Release|Any CPU.ActiveCfg = Release|Any CPU
		{FD4C2A9B-EB1A-491A-96FE-B6EA22656B64}.Release|Any CPU.Build.0 = Release|Any CPU
		{FFADCD76-244F-4D58-B842-6BA1BC893241}.Debug|Any CPU.ActiveCfg = Debug|Any CPU
		{FFADCD76-244F-4D58-B842-6BA1BC893241}.Debug|Any CPU.Build.0 = Debug|Any CPU
		{FFADCD76-244F-4D58-B842-6BA1BC893241}.Release|Any CPU.ActiveCfg = Release|Any CPU
		{FFADCD76-244F-4D58-B842-6BA1BC893241}.Release|Any CPU.Build.0 = Release|Any CPU
		{59EB6E91-848F-4544-93C6-ADF5183034CF}.Debug|Any CPU.ActiveCfg = Debug|Any CPU
		{59EB6E91-848F-4544-93C6-ADF5183034CF}.Debug|Any CPU.Build.0 = Debug|Any CPU
		{59EB6E91-848F-4544-93C6-ADF5183034CF}.Release|Any CPU.ActiveCfg = Release|Any CPU
		{59EB6E91-848F-4544-93C6-ADF5183034CF}.Release|Any CPU.Build.0 = Release|Any CPU
		{A2EE2234-4A4B-4EBC-8EB9-BF4563679487}.Debug|Any CPU.ActiveCfg = Debug|Any CPU
		{A2EE2234-4A4B-4EBC-8EB9-BF4563679487}.Debug|Any CPU.Build.0 = Debug|Any CPU
		{A2EE2234-4A4B-4EBC-8EB9-BF4563679487}.Release|Any CPU.ActiveCfg = Release|Any CPU
		{A2EE2234-4A4B-4EBC-8EB9-BF4563679487}.Release|Any CPU.Build.0 = Release|Any CPU
	EndGlobalSection
EndGlobal
